
Microsoft Visual Studio Solution File, Format Version 12.00
# Visual Studio Version 17
VisualStudioVersion = 17.0.31903.59
MinimumVisualStudioVersion = 10.0.40219.1
Project("{FAE04EC0-301F-11D3-BF4B-00C04F79EFBC}") = "CodexRescue.Contracts", "src\CodexRescue.Contracts\CodexRescue.Contracts.csproj", "{8D7BC4ED-5165-46A6-B072-DF9C5DB5E06F}"
EndProject
Project("{FAE04EC0-301F-11D3-BF4B-00C04F79EFBC}") = "CodexRescue.Broker", "src\CodexRescue.Broker\CodexRescue.Broker.csproj", "{F07A35BE-29D5-483C-A8EC-6D9FBEC1E875}"
EndProject
Project("{FAE04EC0-301F-11D3-BF4B-00C04F79EFBC}") = "CodexRescue.Orchestrator", "src\CodexRescue.Orchestrator\CodexRescue.Orchestrator.csproj", "{2890FE4B-5B25-47C9-82A7-D5C9DF2B1B64}"
EndProject
Project("{FAE04EC0-301F-11D3-BF4B-00C04F79EFBC}") = "CodexRescue.Orchestrator.Tests", "tests\CodexRescue.Orchestrator.Tests\CodexRescue.Orchestrator.Tests.csproj", "{CD1A44B7-5D05-4A61-8A76-D3576608382A}"
EndProject
Global
	GlobalSection(SolutionConfigurationPlatforms) = preSolution
		Debug|Any CPU = Debug|Any CPU
		Release|Any CPU = Release|Any CPU
	EndGlobalSection
	GlobalSection(ProjectConfigurationPlatforms) = postSolution
		{8D7BC4ED-5165-46A6-B072-DF9C5DB5E06F}.Debug|Any CPU.ActiveCfg = Debug|Any CPU
		{8D7BC4ED-5165-46A6-B072-DF9C5DB5E06F}.Debug|Any CPU.Build.0 = Debug|Any CPU
		{8D7BC4ED-5165-46A6-B072-DF9C5DB5E06F}.Release|Any CPU.ActiveCfg = Release|Any CPU
		{8D7BC4ED-5165-46A6-B072-DF9C5DB5E06F}.Release|Any CPU.Build.0 = Release|Any CPU
		{F07A35BE-29D5-483C-A8EC-6D9FBEC1E875}.Debug|Any CPU.ActiveCfg = Debug|Any CPU
		{F07A35BE-29D5-483C-A8EC-6D9FBEC1E875}.Debug|Any CPU.Build.0 = Debug|Any CPU
		{F07A35BE-29D5-483C-A8EC-6D9FBEC1E875}.Release|Any CPU.ActiveCfg = Release|Any CPU
		{F07A35BE-29D5-483C-A8EC-6D9FBEC1E875}.Release|Any CPU.Build.0 = Release|Any CPU
		{2890FE4B-5B25-47C9-82A7-D5C9DF2B1B64}.Debug|Any CPU.ActiveCfg = Debug|Any CPU
		{2890FE4B-5B25-47C9-82A7-D5C9DF2B1B64}.Debug|Any CPU.Build.0 = Debug|Any CPU
		{2890FE4B-5B25-47C9-82A7-D5C9DF2B1B64}.Release|Any CPU.ActiveCfg = Release|Any CPU
		{2890FE4B-5B25-47C9-82A7-D5C9DF2B1B64}.Release|Any CPU.Build.0 = Release|Any CPU
		{CD1A44B7-5D05-4A61-8A76-D3576608382A}.Debug|Any CPU.ActiveCfg = Debug|Any CPU
		{CD1A44B7-5D05-4A61-8A76-D3576608382A}.Debug|Any CPU.Build.0 = Debug|Any CPU
		{CD1A44B7-5D05-4A61-8A76-D3576608382A}.Release|Any CPU.ActiveCfg = Release|Any CPU
		{CD1A44B7-5D05-4A61-8A76-D3576608382A}.Release|Any CPU.Build.0 = Release|Any CPU
	EndGlobalSection
EndGlobal
